
Microsoft Visual Studio Solution File, Format Version 12.00
# Visual Studio Version 16
VisualStudioVersion = 16.0.30011.22
MinimumVisualStudioVersion = 10.0.40219.1
Project("{9A19103F-16F7-4668-BE54-9A1E7A4F7556}") = "Localizaotion", "Localizaotion\Localizaotion.csproj", "{144741E2-709B-4293-8EB7-D49E2831AEE6}"
EndProject
Project("{9A19103F-16F7-4668-BE54-9A1E7A4F7556}") = "JsonLocalizationExtensions", "JsonLocalizationExtensions\JsonLocalizationExtensions.csproj", "{B7001E15-63BA-4CD4-92A3-2B9E4563909D}"
EndProject
Global
	GlobalSection(SolutionConfigurationPlatforms) = preSolution
		Debug|Any CPU = Debug|Any CPU
		Release|Any CPU = Release|Any CPU
	EndGlobalSection
	GlobalSection(ProjectConfigurationPlatforms) = postSolution
		{144741E2-709B-4293-8EB7-D49E2831AEE6}.Debug|Any CPU.ActiveCfg = Debug|Any CPU
		{144741E2-709B-4293-8EB7-D49E2831AEE6}.Debug|Any CPU.Build.0 = Debug|Any CPU
		{144741E2-709B-4293-8EB7-D49E2831AEE6}.Release|Any CPU.ActiveCfg = Release|Any CPU
		{144741E2-709B-4293-8EB7-D49E2831AEE6}.Release|Any CPU.Build.0 = Release|Any CPU
		{B7001E15-63BA-4CD4-92A3-2B9E4563909D}.Debug|Any CPU.ActiveCfg = Debug|Any CPU
		{B7001E15-63BA-4CD4-92A3-2B9E4563909D}.Debug|Any CPU.Build.0 = Debug|Any CPU
		{B7001E15-63BA-4CD4-92A3-2B9E4563909D}.Release|Any CPU.ActiveCfg = Release|Any CPU
		{B7001E15-63BA-4CD4-92A3-2B9E4563909D}.Release|Any CPU.Build.0 = Release|Any CPU
	EndGlobalSection
	GlobalSection(SolutionProperties) = preSolution
		HideSolutionNode = FALSE
	EndGlobalSection
	GlobalSection(ExtensibilityGlobals) = postSolution
		SolutionGuid = {13EA52A4-46FB-4991-9F34-483F42C7FD1A}
	EndGlobalSection
EndGlobal
